
Microsoft Visual Studio Solution File, Format Version 12.00
# Visual Studio 2013
VisualStudioVersion = 12.0.31101.0
MinimumVisualStudioVersion = 10.0.40219.1
Project("{2150E333-8FDC-42A3-9474-1A3956D46DE8}") = "Documents", "Documents", "{27E326A9-5465-47AE-B685-3425738E51D1}"
	ProjectSection(SolutionItems) = preProject
		ReadMe.md = ReadMe.md
	EndProjectSection
EndProject
Project("{FAE04EC0-301F-11D3-BF4B-00C04F79EFBC}") = "WebFormsApplication", "WebFormsApplication\WebFormsApplication.csproj", "{EF3B2DCF-6056-434F-95DF-E85AC8AB1384}"
EndProject
Project("{FAE04EC0-301F-11D3-BF4B-00C04F79EFBC}") = "MvcApplication", "MvcApplication\MvcApplication.csproj", "{E60AB5B8-29CF-4055-927B-849B7F183C0C}"
EndProject
Project("{FAE04EC0-301F-11D3-BF4B-00C04F79EFBC}") = "Shared", "Shared\Shared.csproj", "{0DB02A0D-1D39-440B-9973-1143B5F7FD3F}"
EndProject
Project("{FAE04EC0-301F-11D3-BF4B-00C04F79EFBC}") = "MvcLabApplication", "MvcLabApplication\MvcLabApplication.csproj", "{7F8FF460-9ECB-42FE-BB57-F0598E339589}"
EndProject
Project("{2150E333-8FDC-42A3-9474-1A3956D46DE8}") = ".nuget", ".nuget", "{F01999D4-8E7B-4969-A272-AB7196E7EB88}"
	ProjectSection(SolutionItems) = preProject
		.nuget\NuGet.config = .nuget\NuGet.config
		.nuget\NuGet.exe = .nuget\NuGet.exe
		.nuget\NuGet.targets = .nuget\NuGet.targets
	EndProjectSection
EndProject
Global
	GlobalSection(SolutionConfigurationPlatforms) = preSolution
		Debug|Any CPU = Debug|Any CPU
		Release|Any CPU = Release|Any CPU
	EndGlobalSection
	GlobalSection(ProjectConfigurationPlatforms) = postSolution
		{EF3B2DCF-6056-434F-95DF-E85AC8AB1384}.Debug|Any CPU.ActiveCfg = Debug|Any CPU
		{EF3B2DCF-6056-434F-95DF-E85AC8AB1384}.Debug|Any CPU.Build.0 = Debug|Any CPU
		{EF3B2DCF-6056-434F-95DF-E85AC8AB1384}.Release|Any CPU.ActiveCfg = Release|Any CPU
		{EF3B2DCF-6056-434F-95DF-E85AC8AB1384}.Release|Any CPU.Build.0 = Release|Any CPU
		{E60AB5B8-29CF-4055-927B-849B7F183C0C}.Debug|Any CPU.ActiveCfg = Debug|Any CPU
		{E60AB5B8-29CF-4055-927B-849B7F183C0C}.Debug|Any CPU.Build.0 = Debug|Any CPU
		{E60AB5B8-29CF-4055-927B-849B7F183C0C}.Release|Any CPU.ActiveCfg = Release|Any CPU
		{E60AB5B8-29CF-4055-927B-849B7F183C0C}.Release|Any CPU.Build.0 = Release|Any CPU
		{0DB02A0D-1D39-440B-9973-1143B5F7FD3F}.Debug|Any CPU.ActiveCfg = Debug|Any CPU
		{0DB02A0D-1D39-440B-9973-1143B5F7FD3F}.Debug|Any CPU.Build.0 = Debug|Any CPU
		{0DB02A0D-1D39-440B-9973-1143B5F7FD3F}.Release|Any CPU.ActiveCfg = Release|Any CPU
		{0DB02A0D-1D39-440B-9973-1143B5F7FD3F}.Release|Any CPU.Build.0 = Release|Any CPU
		{7F8FF460-9ECB-42FE-BB57-F0598E339589}.Debug|Any CPU.ActiveCfg = Debug|Any CPU
		{7F8FF460-9ECB-42FE-BB57-F0598E339589}.Debug|Any CPU.Build.0 = Debug|Any CPU
		{7F8FF460-9ECB-42FE-BB57-F0598E339589}.Release|Any CPU.ActiveCfg = Release|Any CPU
		{7F8FF460-9ECB-42FE-BB57-F0598E339589}.Release|Any CPU.Build.0 = Release|Any CPU
	EndGlobalSection
	GlobalSection(SolutionProperties) = preSolution
		HideSolutionNode = FALSE
	EndGlobalSection
EndGlobal
